Microsoft Visual Studio Solution File, Format Version 11.00
# Visual Studio 2008

Project("{306C9097-25F8-944D-3951-63D39B64DC2E}") = "TestingEnvironment", "Assembly-UnityScript-firstpass.unityproj", "{878437AD-F412-EAF8-CD37-163A0CA0CF51}"
EndProject
Project("{306C9097-25F8-944D-3951-63D39B64DC2E}") = "TestingEnvironment", "Assembly-UnityScript.unityproj", "{94413C75-6681-28CD-9F86-6544FABADCA5}"
EndProject
Global
	GlobalSection(SolutionConfigurationPlatforms) = preSolution
		Debug|Any CPU = Debug|Any CPU
		Release|Any CPU = Release|Any CPU
	EndGlobalSection
	GlobalSection(ProjectConfigurationPlatforms) = postSolution
		{878437AD-F412-EAF8-CD37-163A0CA0CF51}.Debug|Any CPU.ActiveCfg = Debug|Any CPU
		{878437AD-F412-EAF8-CD37-163A0CA0CF51}.Debug|Any CPU.Build.0 = Debug|Any CPU
		{878437AD-F412-EAF8-CD37-163A0CA0CF51}.Release|Any CPU.ActiveCfg = Release|Any CPU
		{878437AD-F412-EAF8-CD37-163A0CA0CF51}.Release|Any CPU.Build.0 = Release|Any CPU
		{94413C75-6681-28CD-9F86-6544FABADCA5}.Debug|Any CPU.ActiveCfg = Debug|Any CPU
		{94413C75-6681-28CD-9F86-6544FABADCA5}.Debug|Any CPU.Build.0 = Debug|Any CPU
		{94413C75-6681-28CD-9F86-6544FABADCA5}.Release|Any CPU.ActiveCfg = Release|Any CPU
		{94413C75-6681-28CD-9F86-6544FABADCA5}.Release|Any CPU.Build.0 = Release|Any CPU
	EndGlobalSection
	GlobalSection(SolutionProperties) = preSolution
		HideSolutionNode = FALSE
	EndGlobalSection
			GlobalSection(MonoDevelopProperties) = preSolution
		StartupItem = Assembly-CSharp.csproj
		Policies = $0
		$0.TextStylePolicy = $1
		$1.inheritsSet = null
		$1.scope = text/x-csharp
		$0.CSharpFormattingPolicy = $2
		$2.inheritsSet = Mono
		$2.inheritsScope = text/x-csharp
		$2.scope = text/x-csharp
		$0.TextStylePolicy = $3
		$3.FileWidth = 120
		$3.TabWidth = 4
		$3.EolMarker = Unix
		$3.inheritsSet = Mono
		$3.inheritsScope = text/plain
		$3.scope = text/plain
	EndGlobalSection

EndGlobal
